
Microsoft Visual Studio Solution File, Format Version 12.00
# Visual Studio 15
VisualStudioVersion = 15.0.26430.14
MinimumVisualStudioVersion = 10.0.40219.1
Project("{FAE04EC0-301F-11D3-BF4B-00C04F79EFBC}") = "DependencyServiceSample.Android", "DependencyServiceSample\DependencyServiceSample.Android\DependencyServiceSample.Android.csproj", "{96BFE8A5-9FDF-44CE-AFC2-30C4C48E0BF7}"
EndProject
Project("{FAE04EC0-301F-11D3-BF4B-00C04F79EFBC}") = "DependencyServiceSample", "DependencyServiceSample\DependencyServiceSample\DependencyServiceSample.csproj", "{4433A134-52AC-4E83-83BB-84066DCEF0F2}"
EndProject
Project("{FAE04EC0-301F-11D3-BF4B-00C04F79EFBC}") = "DependencyServiceSample.UWP", "DependencyServiceSample\DependencyServiceSample.UWP\DependencyServiceSample.UWP.csproj", "{0AD66E58-BC68-4597-AAED-CDFA033C8DEF}"
EndProject
Project("{FAE04EC0-301F-11D3-BF4B-00C04F79EFBC}") = "DependencyServiceSample.iOS", "DependencyServiceSample\DependencyServiceSample.iOS\DependencyServiceSample.iOS.csproj", "{08C9EA63-1C00-453A-9E9C-18D397B65E17}"
EndProject
Global
	GlobalSection(SolutionConfigurationPlatforms) = preSolution
		Ad-Hoc|Any CPU = Ad-Hoc|Any CPU
		Ad-Hoc|ARM = Ad-Hoc|ARM
		Ad-Hoc|iPhone = Ad-Hoc|iPhone
		Ad-Hoc|iPhoneSimulator = Ad-Hoc|iPhoneSimulator
		Ad-Hoc|x64 = Ad-Hoc|x64
		Ad-Hoc|x86 = Ad-Hoc|x86
		AppStore|Any CPU = AppStore|Any CPU
		AppStore|ARM = AppStore|ARM
		AppStore|iPhone = AppStore|iPhone
		AppStore|iPhoneSimulator = AppStore|iPhoneSimulator
		AppStore|x64 = AppStore|x64
		AppStore|x86 = AppStore|x86
		Debug|Any CPU = Debug|Any CPU
		Debug|ARM = Debug|ARM
		Debug|iPhone = Debug|iPhone
		Debug|iPhoneSimulator = Debug|iPhoneSimulator
		Debug|x64 = Debug|x64
		Debug|x86 = Debug|x86
		Release|Any CPU = Release|Any CPU
		Release|ARM = Release|ARM
		Release|iPhone = Release|iPhone
		Release|iPhoneSimulator = Release|iPhoneSimulator
		Release|x64 = Release|x64
		Release|x86 = Release|x86
	EndGlobalSection
	GlobalSection(ProjectConfigurationPlatforms) = postSolution
		{96BFE8A5-9FDF-44CE-AFC2-30C4C48E0BF7}.Ad-Hoc|Any CPU.ActiveCfg = Release|Any CPU
		{96BFE8A5-9FDF-44CE-AFC2-30C4C48E0BF7}.Ad-Hoc|Any CPU.Build.0 = Release|Any CPU
		{96BFE8A5-9FDF-44CE-AFC2-30C4C48E0BF7}.Ad-Hoc|Any CPU.Deploy.0 = Release|Any CPU
		{96BFE8A5-9FDF-44CE-AFC2-30C4C48E0BF7}.Ad-Hoc|ARM.ActiveCfg = Release|Any CPU
		{96BFE8A5-9FDF-44CE-AFC2-30C4C48E0BF7}.Ad-Hoc|ARM.Build.0 = Release|Any CPU
		{96BFE8A5-9FDF-44CE-AFC2-30C4C48E0BF7}.Ad-Hoc|ARM.Deploy.0 = Release|Any CPU
		{96BFE8A5-9FDF-44CE-AFC2-30C4C48E0BF7}.Ad-Hoc|iPhone.ActiveCfg = Release|Any CPU
		{96BFE8A5-9FDF-44CE-AFC2-30C4C48E0BF7}.Ad-Hoc|iPhone.Build.0 = Release|Any CPU
		{96BFE8A5-9FDF-44CE-AFC2-30C4C48E0BF7}.Ad-Hoc|iPhone.Deploy.0 = Release|Any CPU
		{96BFE8A5-9FDF-44CE-AFC2-30C4C48E0BF7}.Ad-Hoc|iPhoneSimulator.ActiveCfg = Release|Any CPU
		{96BFE8A5-9FDF-44CE-AFC2-30C4C48E0BF7}.Ad-Hoc|iPhoneSimulator.Build.0 = Release|Any CPU
		{96BFE8A5-9FDF-44CE-AFC2-30C4C48E0BF7}.Ad-Hoc|iPhoneSimulator.Deploy.0 = Release|Any CPU
		{96BFE8A5-9FDF-44CE-AFC2-30C4C48E0BF7}.Ad-Hoc|x64.ActiveCfg = Release|Any CPU
		{96BFE8A5-9FDF-44CE-AFC2-30C4C48E0BF7}.Ad-Hoc|x64.Build.0 = Release|Any CPU
		{96BFE8A5-9FDF-44CE-AFC2-30C4C48E0BF7}.Ad-Hoc|x64.Deploy.0 = Release|Any CPU
		{96BFE8A5-9FDF-44CE-AFC2-30C4C48E0BF7}.Ad-Hoc|x86.ActiveCfg = Release|Any CPU
		{96BFE8A5-9FDF-44CE-AFC2-30C4C48E0BF7}.Ad-Hoc|x86.Build.0 = Release|Any CPU
		{96BFE8A5-9FDF-44CE-AFC2-30C4C48E0BF7}.Ad-Hoc|x86.Deploy.0 = Release|Any CPU
		{96BFE8A5-9FDF-44CE-AFC2-30C4C48E0BF7}.AppStore|Any CPU.ActiveCfg = Release|Any CPU
		{96BFE8A5-9FDF-44CE-AFC2-30C4C48E0BF7}.AppStore|Any CPU.Build.0 = Release|Any CPU
		{96BFE8A5-9FDF-44CE-AFC2-30C4C48E0BF7}.AppStore|Any CPU.Deploy.0 = Release|Any CPU
		{96BFE8A5-9FDF-44CE-AFC2-30C4C48E0BF7}.AppStore|ARM.ActiveCfg = Release|Any CPU
		{96BFE8A5-9FDF-44CE-AFC2-30C4C48E0BF7}.AppStore|ARM.Build.0 = Release|Any CPU
		{96BFE8A5-9FDF-44CE-AFC2-30C4C48E0BF7}.AppStore|ARM.Deploy.0 = Release|Any CPU
		{96BFE8A5-9FDF-44CE-AFC2-30C4C48E0BF7}.AppStore|iPhone.ActiveCfg = Release|Any CPU
		{96BFE8A5-9FDF-44CE-AFC2-30C4C48E0BF7}.AppStore|iPhone.Build.0 = Release|Any CPU
		{96BFE8A5-9FDF-44CE-AFC2-30C4C48E0BF7}.AppStore|iPhone.Deploy.0 = Release|Any CPU
		{96BFE8A5-9FDF-44CE-AFC2-30C4C48E0BF7}.AppStore|iPhoneSimulator.ActiveCfg = Release|Any CPU
		{96BFE8A5-9FDF-44CE-AFC2-30C4C48E0BF7}.AppStore|iPhoneSimulator.Build.0 = Release|Any CPU
		{96BFE8A5-9FDF-44CE-AFC2-30C4C48E0BF7}.AppStore|iPhoneSimulator.Deploy.0 = Release|Any CPU
		{96BFE8A5-9FDF-44CE-AFC2-30C4C48E0BF7}.AppStore|x64.ActiveCfg = Release|Any CPU
		{96BFE8A5-9FDF-44CE-AFC2-30C4C48E0BF7}.AppStore|x64.Build.0 = Release|Any CPU
		{96BFE8A5-9FDF-44CE-AFC2-30C4C48E0BF7}.AppStore|x64.Deploy.0 = Release|Any CPU
		{96BFE8A5-9FDF-44CE-AFC2-30C4C48E0BF7}.AppStore|x86.ActiveCfg = Release|Any CPU
		{96BFE8A5-9FDF-44CE-AFC2-30C4C48E0BF7}.AppStore|x86.Build.0 = Release|Any CPU
		{96BFE8A5-9FDF-44CE-AFC2-30C4C48E0BF7}.AppStore|x86.Deploy.0 = Release|Any CPU
		{96BFE8A5-9FDF-44CE-AFC2-30C4C48E0BF7}.Debug|Any CPU.ActiveCfg = Debug|Any CPU
		{96BFE8A5-9FDF-44CE-AFC2-30C4C48E0BF7}.Debug|Any CPU.Build.0 = Debug|Any CPU
		{96BFE8A5-9FDF-44CE-AFC2-30C4C48E0BF7}.Debug|Any CPU.Deploy.0 = Debug|Any CPU
		{96BFE8A5-9FDF-44CE-AFC2-30C4C48E0BF7}.Debug|ARM.ActiveCfg = Debug|Any CPU
		{96BFE8A5-9FDF-44CE-AFC2-30C4C48E0BF7}.Debug|ARM.Build.0 = Debug|Any CPU
		{96BFE8A5-9FDF-44CE-AFC2-30C4C48E0BF7}.Debug|ARM.Deploy.0 = Debug|Any CPU
		{96BFE8A5-9FDF-44CE-AFC2-30C4C48E0BF7}.Debug|iPhone.ActiveCfg = Debug|Any CPU
		{96BFE8A5-9FDF-44CE-AFC2-30C4C48E0BF7}.Debug|iPhone.Build.0 = Debug|Any CPU
		{96BFE8A5-9FDF-44CE-AFC2-30C4C48E0BF7}.Debug|iPhone.Deploy.0 = Debug|Any CPU
		{96BFE8A5-9FDF-44CE-AFC2-30C4C48E0BF7}.Debug|iPhoneSimulator.ActiveCfg = Debug|Any CPU
		{96BFE8A5-9FDF-44CE-AFC2-30C4C48E0BF7}.Debug|iPhoneSimulator.Build.0 = Debug|Any CPU
		{96BFE8A5-9FDF-44CE-AFC2-30C4C48E0BF7}.Debug|iPhoneSimulator.Deploy.0 = Debug|Any CPU
		{96BFE8A5-9FDF-44CE-AFC2-30C4C48E0BF7}.Debug|x64.ActiveCfg = Debug|Any CPU
		{96BFE8A5-9FDF-44CE-AFC2-30C4C48E0BF7}.Debug|x64.Build.0 = Debug|Any CPU
		{96BFE8A5-9FDF-44CE-AFC2-30C4C48E0BF7}.Debug|x64.Deploy.0 = Debug|Any CPU
		{96BFE8A5-9FDF-44CE-AFC2-30C4C48E0BF7}.Debug|x86.ActiveCfg = Debug|Any CPU
		{96BFE8A5-9FDF-44CE-AFC2-30C4C48E0BF7}.Debug|x86.Build.0 = Debug|Any CPU
		{96BFE8A5-9FDF-44CE-AFC2-30C4C48E0BF7}.Debug|x86.Deploy.0 = Debug|Any CPU
		{96BFE8A5-9FDF-44CE-AFC2-30C4C48E0BF7}.Release|Any CPU.ActiveCfg = Release|Any CPU
		{96BFE8A5-9FDF-44CE-AFC2-30C4C48E0BF7}.Release|Any CPU.Build.0 = Release|Any CPU
		{96BFE8A5-9FDF-44CE-AFC2-30C4C48E0BF7}.Release|Any CPU.Deploy.0 = Release|Any CPU
		{96BFE8A5-9FDF-44CE-AFC2-30C4C48E0BF7}.Release|ARM.ActiveCfg = Release|Any CPU
		{96BFE8A5-9FDF-44CE-AFC2-30C4C48E0BF7}.Release|ARM.Build.0 = Release|Any CPU
		{96BFE8A5-9FDF-44CE-AFC2-30C4C48E0BF7}.Release|ARM.Deploy.0 = Release|Any CPU
		{96BFE8A5-9FDF-44CE-AFC2-30C4C48E0BF7}.Release|iPhone.ActiveCfg = Release|Any CPU
		{96BFE8A5-9FDF-44CE-AFC2-30C4C48E0BF7}.Release|iPhone.Build.0 = Release|Any CPU
		{96BFE8A5-9FDF-44CE-AFC2-30C4C48E0BF7}.Release|iPhone.Deploy.0 = Release|Any CPU
		{96BFE8A5-9FDF-44CE-AFC2-30C4C48E0BF7}.Release|iPhoneSimulator.ActiveCfg = Release|Any CPU
		{96BFE8A5-9FDF-44CE-AFC2-30C4C48E0BF7}.Release|iPhoneSimulator.Build.0 = Release|Any CPU
		{96BFE8A5-9FDF-44CE-AFC2-30C4C48E0BF7}.Release|iPhoneSimulator.Deploy.0 = Release|Any CPU
		{96BFE8A5-9FDF-44CE-AFC2-30C4C48E0BF7}.Release|x64.ActiveCfg = Release|Any CPU
		{96BFE8A5-9FDF-44CE-AFC2-30C4C48E0BF7}.Release|x64.Build.0 = Release|Any CPU
		{96BFE8A5-9FDF-44CE-AFC2-30C4C48E0BF7}.Release|x64.Deploy.0 = Release|Any CPU
		{96BFE8A5-9FDF-44CE-AFC2-30C4C48E0BF7}.Release|x86.ActiveCfg = Release|Any CPU
		{96BFE8A5-9FDF-44CE-AFC2-30C4C48E0BF7}.Release|x86.Build.0 = Release|Any CPU
		{96BFE8A5-9FDF-44CE-AFC2-30C4C48E0BF7}.Release|x86.Deploy.0 = Release|Any CPU
		{4433A134-52AC-4E83-83BB-84066DCEF0F2}.Ad-Hoc|Any CPU.ActiveCfg = Release|Any CPU
		{4433A134-52AC-4E83-83BB-84066DCEF0F2}.Ad-Hoc|Any CPU.Build.0 = Release|Any CPU
		{4433A134-52AC-4E83-83BB-84066DCEF0F2}.Ad-Hoc|ARM.ActiveCfg = Release|Any CPU
		{4433A134-52AC-4E83-83BB-84066DCEF0F2}.Ad-Hoc|ARM.Build.0 = Release|Any CPU
		{4433A134-52AC-4E83-83BB-84066DCEF0F2}.Ad-Hoc|iPhone.ActiveCfg = Release|Any CPU
		{4433A134-52AC-4E83-83BB-84066DCEF0F2}.Ad-Hoc|iPhone.Build.0 = Release|Any CPU
		{4433A134-52AC-4E83-83BB-84066DCEF0F2}.Ad-Hoc|iPhoneSimulator.ActiveCfg = Release|Any CPU
		{4433A134-52AC-4E83-83BB-84066DCEF0F2}.Ad-Hoc|iPhoneSimulator.Build.0 = Release|Any CPU
		{4433A134-52AC-4E83-83BB-84066DCEF0F2}.Ad-Hoc|x64.ActiveCfg = Release|Any CPU
		{4433A134-52AC-4E83-83BB-84066DCEF0F2}.Ad-Hoc|x64.Build.0 = Release|Any CPU
		{4433A134-52AC-4E83-83BB-84066DCEF0F2}.Ad-Hoc|x86.ActiveCfg = Release|Any CPU
		{4433A134-52AC-4E83-83BB-84066DCEF0F2}.Ad-Hoc|x86.Build.0 = Release|Any CPU
		{4433A134-52AC-4E83-83BB-84066DCEF0F2}.AppStore|Any CPU.ActiveCfg = Release|Any CPU
		{4433A134-52AC-4E83-83BB-84066DCEF0F2}.AppStore|Any CPU.Build.0 = Release|Any CPU
		{4433A134-52AC-4E83-83BB-84066DCEF0F2}.AppStore|ARM.ActiveCfg = Release|Any CPU
		{4433A134-52AC-4E83-83BB-84066DCEF0F2}.AppStore|ARM.Build.0 = Release|Any CPU
		{4433A134-52AC-4E83-83BB-84066DCEF0F2}.AppStore|iPhone.ActiveCfg = Release|Any CPU
		{4433A134-52AC-4E83-83BB-84066DCEF0F2}.AppStore|iPhone.Build.0 = Release|Any CPU
		{4433A134-52AC-4E83-83BB-84066DCEF0F2}.AppStore|iPhoneSimulator.ActiveCfg = Release|Any CPU
		{4433A134-52AC-4E83-83BB-84066DCEF0F2}.AppStore|iPhoneSimulator.Build.0 = Release|Any CPU
		{4433A134-52AC-4E83-83BB-84066DCEF0F2}.AppStore|x64.ActiveCfg = Release|Any CPU
		{4433A134-52AC-4E83-83BB-84066DCEF0F2}.AppStore|x64.Build.0 = Release|Any CPU
		{4433A134-52AC-4E83-83BB-84066DCEF0F2}.AppStore|x86.ActiveCfg = Release|Any CPU
		{4433A134-52AC-4E83-83BB-84066DCEF0F2}.AppStore|x86.Build.0 = Release|Any CPU
		{4433A134-52AC-4E83-83BB-84066DCEF0F2}.Debug|Any CPU.ActiveCfg = Debug|Any CPU
		{4433A134-52AC-4E83-83BB-84066DCEF0F2}.Debug|Any CPU.Build.0 = Debug|Any CPU
		{4433A134-52AC-4E83-83BB-84066DCEF0F2}.Debug|ARM.ActiveCfg = Debug|Any CPU
		{4433A134-52AC-4E83-83BB-84066DCEF0F2}.Debug|ARM.Build.0 = Debug|Any CPU
		{4433A134-52AC-4E83-83BB-84066DCEF0F2}.Debug|iPhone.ActiveCfg = Debug|Any CPU
		{4433A134-52AC-4E83-83BB-84066DCEF0F2}.Debug|iPhone.Build.0 = Debug|Any CPU
		{4433A134-52AC-4E83-83BB-84066DCEF0F2}.Debug|iPhoneSimulator.ActiveCfg = Debug|Any CPU
		{4433A134-52AC-4E83-83BB-84066DCEF0F2}.Debug|iPhoneSimulator.Build.0 = Debug|Any CPU
		{4433A134-52AC-4E83-83BB-84066DCEF0F2}.Debug|x64.ActiveCfg = Debug|Any CPU
		{4433A134-52AC-4E83-83BB-84066DCEF0F2}.Debug|x64.Build.0 = Debug|Any CPU
		{4433A134-52AC-4E83-83BB-84066DCEF0F2}.Debug|x86.ActiveCfg = Debug|Any CPU
		{4433A134-52AC-4E83-83BB-84066DCEF0F2}.Debug|x86.Build.0 = Debug|Any CPU
		{4433A134-52AC-4E83-83BB-84066DCEF0F2}.Release|Any CPU.ActiveCfg = Release|Any CPU
		{4433A134-52AC-4E83-83BB-84066DCEF0F2}.Release|Any CPU.Build.0 = Release|Any CPU
		{4433A134-52AC-4E83-83BB-84066DCEF0F2}.Release|ARM.ActiveCfg = Release|Any CPU
		{4433A134-52AC-4E83-83BB-84066DCEF0F2}.Release|ARM.Build.0 = Release|Any CPU
		{4433A134-52AC-4E83-83BB-84066DCEF0F2}.Release|iPhone.ActiveCfg = Release|Any CPU
		{4433A134-52AC-4E83-83BB-84066DCEF0F2}.Release|iPhone.Build.0 = Release|Any CPU
		{4433A134-52AC-4E83-83BB-84066DCEF0F2}.Release|iPhoneSimulator.ActiveCfg = Release|Any CPU
		{4433A134-52AC-4E83-83BB-84066DCEF0F2}.Release|iPhoneSimulator.Build.0 = Release|Any CPU
		{4433A134-52AC-4E83-83BB-84066DCEF0F2}.Release|x64.ActiveCfg = Release|Any CPU
		{4433A134-52AC-4E83-83BB-84066DCEF0F2}.Release|x64.Build.0 = Release|Any CPU
		{4433A134-52AC-4E83-83BB-84066DCEF0F2}.Release|x86.ActiveCfg = Release|Any CPU
		{4433A134-52AC-4E83-83BB-84066DCEF0F2}.Release|x86.Build.0 = Release|Any CPU
		{0AD66E58-BC68-4597-AAED-CDFA033C8DEF}.Ad-Hoc|Any CPU.ActiveCfg = Release|x86
		{0AD66E58-BC68-4597-AAED-CDFA033C8DEF}.Ad-Hoc|Any CPU.Build.0 = Release|x86
		{0AD66E58-BC68-4597-AAED-CDFA033C8DEF}.Ad-Hoc|Any CPU.Deploy.0 = Release|x86
		{0AD66E58-BC68-4597-AAED-CDFA033C8DEF}.Ad-Hoc|ARM.ActiveCfg = Release|ARM
		{0AD66E58-BC68-4597-AAED-CDFA033C8DEF}.Ad-Hoc|ARM.Build.0 = Release|ARM
		{0AD66E58-BC68-4597-AAED-CDFA033C8DEF}.Ad-Hoc|ARM.Deploy.0 = Release|ARM
		{0AD66E58-BC68-4597-AAED-CDFA033C8DEF}.Ad-Hoc|iPhone.ActiveCfg = Release|x86
		{0AD66E58-BC68-4597-AAED-CDFA033C8DEF}.Ad-Hoc|iPhone.Build.0 = Release|x86
		{0AD66E58-BC68-4597-AAED-CDFA033C8DEF}.Ad-Hoc|iPhone.Deploy.0 = Release|x86
		{0AD66E58-BC68-4597-AAED-CDFA033C8DEF}.Ad-Hoc|iPhoneSimulator.ActiveCfg = Release|x86
		{0AD66E58-BC68-4597-AAED-CDFA033C8DEF}.Ad-Hoc|iPhoneSimulator.Build.0 = Release|x86
		{0AD66E58-BC68-4597-AAED-CDFA033C8DEF}.Ad-Hoc|iPhoneSimulator.Deploy.0 = Release|x86
		{0AD66E58-BC68-4597-AAED-CDFA033C8DEF}.Ad-Hoc|x64.ActiveCfg = Release|x64
		{0AD66E58-BC68-4597-AAED-CDFA033C8DEF}.Ad-Hoc|x64.Build.0 = Release|x64
		{0AD66E58-BC68-4597-AAED-CDFA033C8DEF}.Ad-Hoc|x64.Deploy.0 = Release|x64
		{0AD66E58-BC68-4597-AAED-CDFA033C8DEF}.Ad-Hoc|x86.ActiveCfg = Release|x86
		{0AD66E58-BC68-4597-AAED-CDFA033C8DEF}.Ad-Hoc|x86.Build.0 = Release|x86
		{0AD66E58-BC68-4597-AAED-CDFA033C8DEF}.Ad-Hoc|x86.Deploy.0 = Release|x86
		{0AD66E58-BC68-4597-AAED-CDFA033C8DEF}.AppStore|Any CPU.ActiveCfg = Release|x86
		{0AD66E58-BC68-4597-AAED-CDFA033C8DEF}.AppStore|Any CPU.Build.0 = Release|x86
		{0AD66E58-BC68-4597-AAED-CDFA033C8DEF}.AppStore|Any CPU.Deploy.0 = Release|x86
		{0AD66E58-BC68-4597-AAED-CDFA033C8DEF}.AppStore|ARM.ActiveCfg = Release|ARM
		{0AD66E58-BC68-4597-AAED-CDFA033C8DEF}.AppStore|ARM.Build.0 = Release|ARM
		{0AD66E58-BC68-4597-AAED-CDFA033C8DEF}.AppStore|ARM.Deploy.0 = Release|ARM
		{0AD66E58-BC68-4597-AAED-CDFA033C8DEF}.AppStore|iPhone.ActiveCfg = Release|x86
		{0AD66E58-BC68-4597-AAED-CDFA033C8DEF}.AppStore|iPhone.Build.0 = Release|x86
		{0AD66E58-BC68-4597-AAED-CDFA033C8DEF}.AppStore|iPhone.Deploy.0 = Release|x86
		{0AD66E58-BC68-4597-AAED-CDFA033C8DEF}.AppStore|iPhoneSimulator.ActiveCfg = Release|x86
		{0AD66E58-BC68-4597-AAED-CDFA033C8DEF}.AppStore|iPhoneSimulator.Build.0 = Release|x86
		{0AD66E58-BC68-4597-AAED-CDFA033C8DEF}.AppStore|iPhoneSimulator.Deploy.0 = Release|x86
		{0AD66E58-BC68-4597-AAED-CDFA033C8DEF}.AppStore|x64.ActiveCfg = Release|x64
		{0AD66E58-BC68-4597-AAED-CDFA033C8DEF}.AppStore|x64.Build.0 = Release|x64
		{0AD66E58-BC68-4597-AAED-CDFA033C8DEF}.AppStore|x64.Deploy.0 = Release|x64
		{0AD66E58-BC68-4597-AAED-CDFA033C8DEF}.AppStore|x86.ActiveCfg = Release|x86
		{0AD66E58-BC68-4597-AAED-CDFA033C8DEF}.AppStore|x86.Build.0 = Release|x86
		{0AD66E58-BC68-4597-AAED-CDFA033C8DEF}.AppStore|x86.Deploy.0 = Release|x86
		{0AD66E58-BC68-4597-AAED-CDFA033C8DEF}.Debug|Any CPU.ActiveCfg = Debug|x86
		{0AD66E58-BC68-4597-AAED-CDFA033C8DEF}.Debug|ARM.ActiveCfg = Debug|ARM
		{0AD66E58-BC68-4597-AAED-CDFA033C8DEF}.Debug|ARM.Build.0 = Debug|ARM
		{0AD66E58-BC68-4597-AAED-CDFA033C8DEF}.Debug|ARM.Deploy.0 = Debug|ARM
		{0AD66E58-BC68-4597-AAED-CDFA033C8DEF}.Debug|iPhone.ActiveCfg = Debug|x86
		{0AD66E58-BC68-4597-AAED-CDFA033C8DEF}.Debug|iPhoneSimulator.ActiveCfg = Debug|x86
		{0AD66E58-BC68-4597-AAED-CDFA033C8DEF}.Debug|x64.ActiveCfg = Debug|x64
		{0AD66E58-BC68-4597-AAED-CDFA033C8DEF}.Debug|x64.Build.0 = Debug|x64
		{0AD66E58-BC68-4597-AAED-CDFA033C8DEF}.Debug|x64.Deploy.0 = Debug|x64
		{0AD66E58-BC68-4597-AAED-CDFA033C8DEF}.Debug|x86.ActiveCfg = Debug|x86
		{0AD66E58-BC68-4597-AAED-CDFA033C8DEF}.Debug|x86.Build.0 = Debug|x86
		{0AD66E58-BC68-4597-AAED-CDFA033C8DEF}.Debug|x86.Deploy.0 = Debug|x86
		{0AD66E58-BC68-4597-AAED-CDFA033C8DEF}.Release|Any CPU.ActiveCfg = Release|x86
		{0AD66E58-BC68-4597-AAED-CDFA033C8DEF}.Release|ARM.ActiveCfg = Release|ARM
		{0AD66E58-BC68-4597-AAED-CDFA033C8DEF}.Release|ARM.Build.0 = Release|ARM
		{0AD66E58-BC68-4597-AAED-CDFA033C8DEF}.Release|ARM.Deploy.0 = Release|ARM
		{0AD66E58-BC68-4597-AAED-CDFA033C8DEF}.Release|iPhone.ActiveCfg = Release|x86
		{0AD66E58-BC68-4597-AAED-CDFA033C8DEF}.Release|iPhoneSimulator.ActiveCfg = Release|x86
		{0AD66E58-BC68-4597-AAED-CDFA033C8DEF}.Release|x64.ActiveCfg = Release|x64
		{0AD66E58-BC68-4597-AAED-CDFA033C8DEF}.Release|x64.Build.0 = Release|x64
		{0AD66E58-BC68-4597-AAED-CDFA033C8DEF}.Release|x64.Deploy.0 = Release|x64
		{0AD66E58-BC68-4597-AAED-CDFA033C8DEF}.Release|x86.ActiveCfg = Release|x86
		{0AD66E58-BC68-4597-AAED-CDFA033C8DEF}.Release|x86.Build.0 = Release|x86
		{0AD66E58-BC68-4597-AAED-CDFA033C8DEF}.Release|x86.Deploy.0 = Release|x86
		{08C9EA63-1C00-453A-9E9C-18D397B65E17}.Ad-Hoc|Any CPU.ActiveCfg = Ad-Hoc|iPhone
		{08C9EA63-1C00-453A-9E9C-18D397B65E17}.Ad-Hoc|ARM.ActiveCfg = Ad-Hoc|iPhone
		{08C9EA63-1C00-453A-9E9C-18D397B65E17}.Ad-Hoc|iPhone.ActiveCfg = Ad-Hoc|iPhone
		{08C9EA63-1C00-453A-9E9C-18D397B65E17}.Ad-Hoc|iPhone.Build.0 = Ad-Hoc|iPhone
		{08C9EA63-1C00-453A-9E9C-18D397B65E17}.Ad-Hoc|iPhoneSimulator.ActiveCfg = Ad-Hoc|iPhoneSimulator
		{08C9EA63-1C00-453A-9E9C-18D397B65E17}.Ad-Hoc|iPhoneSimulator.Build.0 = Ad-Hoc|iPhoneSimulator
		{08C9EA63-1C00-453A-9E9C-18D397B65E17}.Ad-Hoc|x64.ActiveCfg = Ad-Hoc|iPhone
		{08C9EA63-1C00-453A-9E9C-18D397B65E17}.Ad-Hoc|x86.ActiveCfg = Ad-Hoc|iPhone
		{08C9EA63-1C00-453A-9E9C-18D397B65E17}.AppStore|Any CPU.ActiveCfg = AppStore|iPhone
		{08C9EA63-1C00-453A-9E9C-18D397B65E17}.AppStore|ARM.ActiveCfg = AppStore|iPhone
		{08C9EA63-1C00-453A-9E9C-18D397B65E17}.AppStore|iPhone.ActiveCfg = AppStore|iPhone
		{08C9EA63-1C00-453A-9E9C-18D397B65E17}.AppStore|iPhone.Build.0 = AppStore|iPhone
		{08C9EA63-1C00-453A-9E9C-18D397B65E17}.AppStore|iPhoneSimulator.ActiveCfg = AppStore|iPhoneSimulator
		{08C9EA63-1C00-453A-9E9C-18D397B65E17}.AppStore|iPhoneSimulator.Build.0 = AppStore|iPhoneSimulator
		{08C9EA63-1C00-453A-9E9C-18D397B65E17}.AppStore|x64.ActiveCfg = AppStore|iPhone
		{08C9EA63-1C00-453A-9E9C-18D397B65E17}.AppStore|x86.ActiveCfg = AppStore|iPhone
		{08C9EA63-1C00-453A-9E9C-18D397B65E17}.Debug|Any CPU.ActiveCfg = Debug|iPhone
		{08C9EA63-1C00-453A-9E9C-18D397B65E17}.Debug|ARM.ActiveCfg = Debug|iPhone
		{08C9EA63-1C00-453A-9E9C-18D397B65E17}.Debug|iPhone.ActiveCfg = Debug|iPhone
		{08C9EA63-1C00-453A-9E9C-18D397B65E17}.Debug|iPhone.Build.0 = Debug|iPhone
		{08C9EA63-1C00-453A-9E9C-18D397B65E17}.Debug|iPhoneSimulator.ActiveCfg = Debug|iPhoneSimulator
		{08C9EA63-1C00-453A-9E9C-18D397B65E17}.Debug|iPhoneSimulator.Build.0 = Debug|iPhoneSimulator
		{08C9EA63-1C00-453A-9E9C-18D397B65E17}.Debug|x64.ActiveCfg = Debug|iPhone
		{08C9EA63-1C00-453A-9E9C-18D397B65E17}.Debug|x86.ActiveCfg = Debug|iPhone
		{08C9EA63-1C00-453A-9E9C-18D397B65E17}.Release|Any CPU.ActiveCfg = Release|iPhone
		{08C9EA63-1C00-453A-9E9C-18D397B65E17}.Release|ARM.ActiveCfg = Release|iPhone
		{08C9EA63-1C00-453A-9E9C-18D397B65E17}.Release|iPhone.ActiveCfg = Release|iPhone
		{08C9EA63-1C00-453A-9E9C-18D397B65E17}.Release|iPhone.Build.0 = Release|iPhone
		{08C9EA63-1C00-453A-9E9C-18D397B65E17}.Release|iPhoneSimulator.ActiveCfg = Release|iPhoneSimulator
		{08C9EA63-1C00-453A-9E9C-18D397B65E17}.Release|iPhoneSimulator.Build.0 = Release|iPhoneSimulator
		{08C9EA63-1C00-453A-9E9C-18D397B65E17}.Release|x64.ActiveCfg = Release|iPhone
		{08C9EA63-1C00-453A-9E9C-18D397B65E17}.Release|x86.ActiveCfg = Release|iPhone
	EndGlobalSection
	GlobalSection(SolutionProperties) = preSolution
		HideSolutionNode = FALSE
	EndGlobalSection
EndGlobal
